
Microsoft Visual Studio Solution File, Format Version 12.00
# Visual Studio Version 17
VisualStudioVersion = 17.12.35527.113 d17.12
MinimumVisualStudioVersion = 10.0.40219.1
Project("{F2A71F9B-5D33-465A-A702-920D77279786}") = "FSharpWinFormsApp", "FSharpWinFormsApp\FSharpWinFormsApp.fsproj", "{FFAECFC8-151B-4CA1-B4A0-AA1C7D224FAE}"
EndProject
Global
	GlobalSection(SolutionConfigurationPlatforms) = preSolution
		Debug|Any CPU = Debug|Any CPU
		Release|Any CPU = Release|Any CPU
	EndGlobalSection
	GlobalSection(ProjectConfigurationPlatforms) = postSolution
		{FFAECFC8-151B-4CA1-B4A0-AA1C7D224FAE}.Debug|Any CPU.ActiveCfg = Debug|Any CPU
		{FFAECFC8-151B-4CA1-B4A0-AA1C7D224FAE}.Debug|Any CPU.Build.0 = Debug|Any CPU
		{FFAECFC8-151B-4CA1-B4A0-AA1C7D224FAE}.Release|Any CPU.ActiveCfg = Release|Any CPU
		{FFAECFC8-151B-4CA1-B4A0-AA1C7D224FAE}.Release|Any CPU.Build.0 = Release|Any CPU
	EndGlobalSection
	GlobalSection(SolutionProperties) = preSolution
		HideSolutionNode = FALSE
	EndGlobalSection
EndGlobal
